
Microsoft Visual Studio Solution File, Format Version 12.00
# Visual Studio Version 16
VisualStudioVersion = 16.0.31105.61
MinimumVisualStudioVersion = 10.0.40219.1
Project("{9A19103F-16F7-4668-BE54-9A1E7A4F7556}") = "UsersApi", "UsersApi\UsersApi.csproj", "{0D6C403C-D792-4674-A68E-C1157FFB1CC5}"
EndProject
Project("{9A19103F-16F7-4668-BE54-9A1E7A4F7556}") = "UserClient", "UserClient\UserClient.csproj", "{13015E98-E344-4280-AF55-5204841F3FD1}"
EndProject
Project("{FAE04EC0-301F-11D3-BF4B-00C04F79EFBC}") = "UserTest", "UserTest\UserTest.csproj", "{A0BC7952-6099-49FB-96BC-21C92E9A289E}"
EndProject
Global
	GlobalSection(SolutionConfigurationPlatforms) = preSolution
		Debug|Any CPU = Debug|Any CPU
		Release|Any CPU = Release|Any CPU
	EndGlobalSection
	GlobalSection(ProjectConfigurationPlatforms) = postSolution
		{0D6C403C-D792-4674-A68E-C1157FFB1CC5}.Debug|Any CPU.ActiveCfg = Debug|Any CPU
		{0D6C403C-D792-4674-A68E-C1157FFB1CC5}.Debug|Any CPU.Build.0 = Debug|Any CPU
		{0D6C403C-D792-4674-A68E-C1157FFB1CC5}.Release|Any CPU.ActiveCfg = Release|Any CPU
		{0D6C403C-D792-4674-A68E-C1157FFB1CC5}.Release|Any CPU.Build.0 = Release|Any CPU
		{13015E98-E344-4280-AF55-5204841F3FD1}.Debug|Any CPU.ActiveCfg = Debug|Any CPU
		{13015E98-E344-4280-AF55-5204841F3FD1}.Debug|Any CPU.Build.0 = Debug|Any CPU
		{13015E98-E344-4280-AF55-5204841F3FD1}.Release|Any CPU.ActiveCfg = Release|Any CPU
		{13015E98-E344-4280-AF55-5204841F3FD1}.Release|Any CPU.Build.0 = Release|Any CPU
		{A0BC7952-6099-49FB-96BC-21C92E9A289E}.Debug|Any CPU.ActiveCfg = Debug|Any CPU
		{A0BC7952-6099-49FB-96BC-21C92E9A289E}.Debug|Any CPU.Build.0 = Debug|Any CPU
		{A0BC7952-6099-49FB-96BC-21C92E9A289E}.Release|Any CPU.ActiveCfg = Release|Any CPU
		{A0BC7952-6099-49FB-96BC-21C92E9A289E}.Release|Any CPU.Build.0 = Release|Any CPU
	EndGlobalSection
	GlobalSection(SolutionProperties) = preSolution
		HideSolutionNode = FALSE
	EndGlobalSection
	GlobalSection(ExtensibilityGlobals) = postSolution
		SolutionGuid = {DEF266CB-ECEE-4FD3-BB79-9D2B4C049F7E}
	EndGlobalSection
EndGlobal
